
Microsoft Visual Studio Solution File, Format Version 12.00
# Visual Studio Version 16
VisualStudioVersion = 16.0.31129.286
MinimumVisualStudioVersion = 10.0.40219.1
Project("{FAE04EC0-301F-11D3-BF4B-00C04F79EFBC}") = "Umg.Datos", "Umg.Datos\Umg.Datos.csproj", "{ACBDC697-3256-45EA-982C-2067A57AB474}"
EndProject
Project("{FAE04EC0-301F-11D3-BF4B-00C04F79EFBC}") = "Umg.Entidades", "Umg.Entidades\Umg.Entidades.csproj", "{FEB7698E-5EBE-4E35-85EA-68377460990E}"
EndProject
Project("{FAE04EC0-301F-11D3-BF4B-00C04F79EFBC}") = "Umg.Web", "Umg.Web\Umg.Web.csproj", "{7E0B4C28-3352-475E-B44C-0F44C30888A2}"
EndProject
Global
	GlobalSection(SolutionConfigurationPlatforms) = preSolution
		Debug|Any CPU = Debug|Any CPU
		Release|Any CPU = Release|Any CPU
	EndGlobalSection
	GlobalSection(ProjectConfigurationPlatforms) = postSolution
		{ACBDC697-3256-45EA-982C-2067A57AB474}.Debug|Any CPU.ActiveCfg = Debug|Any CPU
		{ACBDC697-3256-45EA-982C-2067A57AB474}.Debug|Any CPU.Build.0 = Debug|Any CPU
		{ACBDC697-3256-45EA-982C-2067A57AB474}.Release|Any CPU.ActiveCfg = Release|Any CPU
		{ACBDC697-3256-45EA-982C-2067A57AB474}.Release|Any CPU.Build.0 = Release|Any CPU
		{FEB7698E-5EBE-4E35-85EA-68377460990E}.Debug|Any CPU.ActiveCfg = Debug|Any CPU
		{FEB7698E-5EBE-4E35-85EA-68377460990E}.Debug|Any CPU.Build.0 = Debug|Any CPU
		{FEB7698E-5EBE-4E35-85EA-68377460990E}.Release|Any CPU.ActiveCfg = Release|Any CPU
		{FEB7698E-5EBE-4E35-85EA-68377460990E}.Release|Any CPU.Build.0 = Release|Any CPU
		{7E0B4C28-3352-475E-B44C-0F44C30888A2}.Debug|Any CPU.ActiveCfg = Debug|Any CPU
		{7E0B4C28-3352-475E-B44C-0F44C30888A2}.Debug|Any CPU.Build.0 = Debug|Any CPU
		{7E0B4C28-3352-475E-B44C-0F44C30888A2}.Release|Any CPU.ActiveCfg = Release|Any CPU
		{7E0B4C28-3352-475E-B44C-0F44C30888A2}.Release|Any CPU.Build.0 = Release|Any CPU
	EndGlobalSection
	GlobalSection(SolutionProperties) = preSolution
		HideSolutionNode = FALSE
	EndGlobalSection
	GlobalSection(ExtensibilityGlobals) = postSolution
		SolutionGuid = {F611D22A-75C9-4DBA-9623-281F8755C547}
	EndGlobalSection
EndGlobal
